
Microsoft Visual Studio Solution File, Format Version 12.00
# Visual Studio Version 17
VisualStudioVersion = 17.11.35312.102
MinimumVisualStudioVersion = 10.0.40219.1
Project("{FAE04EC0-301F-11D3-BF4B-00C04F79EFBC}") = "BaiTapWindowsForm", "BaiTapWindowsForm\BaiTapWindowsForm.csproj", "{77129097-B0F4-40F3-9CA0-63357999EE1A}"
EndProject
Global
	GlobalSection(SolutionConfigurationPlatforms) = preSolution
		Debug|Any CPU = Debug|Any CPU
		Release|Any CPU = Release|Any CPU
	EndGlobalSection
	GlobalSection(ProjectConfigurationPlatforms) = postSolution
		{77129097-B0F4-40F3-9CA0-63357999EE1A}.Debug|Any CPU.ActiveCfg = Debug|Any CPU
		{77129097-B0F4-40F3-9CA0-63357999EE1A}.Debug|Any CPU.Build.0 = Debug|Any CPU
		{77129097-B0F4-40F3-9CA0-63357999EE1A}.Release|Any CPU.ActiveCfg = Release|Any CPU
		{77129097-B0F4-40F3-9CA0-63357999EE1A}.Release|Any CPU.Build.0 = Release|Any CPU
	EndGlobalSection
	GlobalSection(SolutionProperties) = preSolution
		HideSolutionNode = FALSE
	EndGlobalSection
	GlobalSection(ExtensibilityGlobals) = postSolution
		SolutionGuid = {3C63B37A-FDEE-4DC7-A5EA-AF544B5CFB17}
	EndGlobalSection
EndGlobal
